
Microsoft Visual Studio Solution File, Format Version 12.00
# Visual Studio Version 17
VisualStudioVersion = 17.3.32901.215
MinimumVisualStudioVersion = 10.0.40219.1
Project("{FAE04EC0-301F-11D3-BF4B-00C04F79EFBC}") = "Is-1-20-DenisyukOS", "Is-1-20-DenisyukOS\Is-1-20-DenisyukOS.csproj", "{3D5ECB11-E829-470E-B87C-EAF8841414A8}"
EndProject
Global
	GlobalSection(SolutionConfigurationPlatforms) = preSolution
		Debug|Any CPU = Debug|Any CPU
		Release|Any CPU = Release|Any CPU
	EndGlobalSection
	GlobalSection(ProjectConfigurationPlatforms) = postSolution
		{3D5ECB11-E829-470E-B87C-EAF8841414A8}.Debug|Any CPU.ActiveCfg = Debug|Any CPU
		{3D5ECB11-E829-470E-B87C-EAF8841414A8}.Debug|Any CPU.Build.0 = Debug|Any CPU
		{3D5ECB11-E829-470E-B87C-EAF8841414A8}.Release|Any CPU.ActiveCfg = Release|Any CPU
		{3D5ECB11-E829-470E-B87C-EAF8841414A8}.Release|Any CPU.Build.0 = Release|Any CPU
	EndGlobalSection
	GlobalSection(SolutionProperties) = preSolution
		HideSolutionNode = FALSE
	EndGlobalSection
	GlobalSection(ExtensibilityGlobals) = postSolution
		SolutionGuid = {8FAEA114-C77A-42B2-B5EE-DB5927B3C56A}
	EndGlobalSection
EndGlobal
